
Microsoft Visual Studio Solution File, Format Version 12.00
# Visual Studio 15
VisualStudioVersion = 15.0.28307.438
MinimumVisualStudioVersion = 10.0.40219.1
Project("{FAE04EC0-301F-11D3-BF4B-00C04F79EFBC}") = "Studentenindex", "Studentenindex\Studentenindex.csproj", "{86D4E9B7-0617-424E-A3BF-D7CA4570CF92}"
EndProject
Global
	GlobalSection(SolutionConfigurationPlatforms) = preSolution
		Debug|Any CPU = Debug|Any CPU
		Release|Any CPU = Release|Any CPU
	EndGlobalSection
	GlobalSection(ProjectConfigurationPlatforms) = postSolution
		{86D4E9B7-0617-424E-A3BF-D7CA4570CF92}.Debug|Any CPU.ActiveCfg = Debug|Any CPU
		{86D4E9B7-0617-424E-A3BF-D7CA4570CF92}.Debug|Any CPU.Build.0 = Debug|Any CPU
		{86D4E9B7-0617-424E-A3BF-D7CA4570CF92}.Release|Any CPU.ActiveCfg = Release|Any CPU
		{86D4E9B7-0617-424E-A3BF-D7CA4570CF92}.Release|Any CPU.Build.0 = Release|Any CPU
	EndGlobalSection
	GlobalSection(SolutionProperties) = preSolution
		HideSolutionNode = FALSE
	EndGlobalSection
	GlobalSection(ExtensibilityGlobals) = postSolution
		SolutionGuid = {6636F937-EA52-4E08-88B3-6EE21D124DD8}
	EndGlobalSection
EndGlobal
