
Microsoft Visual Studio Solution File, Format Version 12.00
# Visual Studio 15
VisualStudioVersion = 15.0.28307.136
MinimumVisualStudioVersion = 10.0.40219.1
Project("{FAE04EC0-301F-11D3-BF4B-00C04F79EFBC}") = "SharedType", "SharedType\SharedType.csproj", "{44A0EFA8-1789-4F67-941A-9DFDB169DEE3}"
EndProject
Project("{FAE04EC0-301F-11D3-BF4B-00C04F79EFBC}") = "DataLayer", "DataLayer\DataLayer.csproj", "{8BB4880F-D3A9-457A-AFC0-EECB8E65FF0D}"
EndProject
Project("{FAE04EC0-301F-11D3-BF4B-00C04F79EFBC}") = "MQHandler2", "MQHandler2\MQHandler2.csproj", "{BB3A862D-BD12-4F09-8D72-C1F1EB662E2A}"
EndProject
Project("{FAE04EC0-301F-11D3-BF4B-00C04F79EFBC}") = "ClientConsole", "ClientConsole\ClientConsole.csproj", "{40663982-E50B-443A-9C8D-038541AE6E6F}"
EndProject
Project("{FAE04EC0-301F-11D3-BF4B-00C04F79EFBC}") = "CarService", "CarService\CarService.csproj", "{733C8D75-6743-4BC3-8AC5-CDB3ECA6A454}"
EndProject
Project("{FAE04EC0-301F-11D3-BF4B-00C04F79EFBC}") = "GUI", "GUI\GUI.csproj", "{B9A0D353-8B18-4A0E-8EF7-43207570D154}"
EndProject
Project("{FAE04EC0-301F-11D3-BF4B-00C04F79EFBC}") = "ServiceLayerLibrary", "ServiceLayerLibrary\ServiceLayerLibrary.csproj", "{3E82CC0E-1089-4107-97FC-52757B1EC4F2}"
EndProject
Project("{FAE04EC0-301F-11D3-BF4B-00C04F79EFBC}") = "CarDatabaseService", "CarDatabaseService\CarDatabaseService.csproj", "{8C9D86D4-4C7C-4FDE-B61C-752789353FE1}"
EndProject
Global
	GlobalSection(SolutionConfigurationPlatforms) = preSolution
		Debug|Any CPU = Debug|Any CPU
		Release|Any CPU = Release|Any CPU
	EndGlobalSection
	GlobalSection(ProjectConfigurationPlatforms) = postSolution
		{44A0EFA8-1789-4F67-941A-9DFDB169DEE3}.Debug|Any CPU.ActiveCfg = Debug|Any CPU
		{44A0EFA8-1789-4F67-941A-9DFDB169DEE3}.Debug|Any CPU.Build.0 = Debug|Any CPU
		{44A0EFA8-1789-4F67-941A-9DFDB169DEE3}.Release|Any CPU.ActiveCfg = Release|Any CPU
		{44A0EFA8-1789-4F67-941A-9DFDB169DEE3}.Release|Any CPU.Build.0 = Release|Any CPU
		{8BB4880F-D3A9-457A-AFC0-EECB8E65FF0D}.Debug|Any CPU.ActiveCfg = Debug|Any CPU
		{8BB4880F-D3A9-457A-AFC0-EECB8E65FF0D}.Debug|Any CPU.Build.0 = Debug|Any CPU
		{8BB4880F-D3A9-457A-AFC0-EECB8E65FF0D}.Release|Any CPU.ActiveCfg = Release|Any CPU
		{8BB4880F-D3A9-457A-AFC0-EECB8E65FF0D}.Release|Any CPU.Build.0 = Release|Any CPU
		{BB3A862D-BD12-4F09-8D72-C1F1EB662E2A}.Debug|Any CPU.ActiveCfg = Debug|Any CPU
		{BB3A862D-BD12-4F09-8D72-C1F1EB662E2A}.Debug|Any CPU.Build.0 = Debug|Any CPU
		{BB3A862D-BD12-4F09-8D72-C1F1EB662E2A}.Release|Any CPU.ActiveCfg = Release|Any CPU
		{BB3A862D-BD12-4F09-8D72-C1F1EB662E2A}.Release|Any CPU.Build.0 = Release|Any CPU
		{40663982-E50B-443A-9C8D-038541AE6E6F}.Debug|Any CPU.ActiveCfg = Debug|Any CPU
		{40663982-E50B-443A-9C8D-038541AE6E6F}.Debug|Any CPU.Build.0 = Debug|Any CPU
		{40663982-E50B-443A-9C8D-038541AE6E6F}.Release|Any CPU.ActiveCfg = Release|Any CPU
		{40663982-E50B-443A-9C8D-038541AE6E6F}.Release|Any CPU.Build.0 = Release|Any CPU
		{733C8D75-6743-4BC3-8AC5-CDB3ECA6A454}.Debug|Any CPU.ActiveCfg = Debug|Any CPU
		{733C8D75-6743-4BC3-8AC5-CDB3ECA6A454}.Debug|Any CPU.Build.0 = Debug|Any CPU
		{733C8D75-6743-4BC3-8AC5-CDB3ECA6A454}.Release|Any CPU.ActiveCfg = Release|Any CPU
		{733C8D75-6743-4BC3-8AC5-CDB3ECA6A454}.Release|Any CPU.Build.0 = Release|Any CPU
		{B9A0D353-8B18-4A0E-8EF7-43207570D154}.Debug|Any CPU.ActiveCfg = Debug|Any CPU
		{B9A0D353-8B18-4A0E-8EF7-43207570D154}.Debug|Any CPU.Build.0 = Debug|Any CPU
		{B9A0D353-8B18-4A0E-8EF7-43207570D154}.Release|Any CPU.ActiveCfg = Release|Any CPU
		{B9A0D353-8B18-4A0E-8EF7-43207570D154}.Release|Any CPU.Build.0 = Release|Any CPU
		{3E82CC0E-1089-4107-97FC-52757B1EC4F2}.Debug|Any CPU.ActiveCfg = Debug|Any CPU
		{3E82CC0E-1089-4107-97FC-52757B1EC4F2}.Debug|Any CPU.Build.0 = Debug|Any CPU
		{3E82CC0E-1089-4107-97FC-52757B1EC4F2}.Release|Any CPU.ActiveCfg = Release|Any CPU
		{3E82CC0E-1089-4107-97FC-52757B1EC4F2}.Release|Any CPU.Build.0 = Release|Any CPU
		{8C9D86D4-4C7C-4FDE-B61C-752789353FE1}.Debug|Any CPU.ActiveCfg = Debug|Any CPU
		{8C9D86D4-4C7C-4FDE-B61C-752789353FE1}.Debug|Any CPU.Build.0 = Debug|Any CPU
		{8C9D86D4-4C7C-4FDE-B61C-752789353FE1}.Release|Any CPU.ActiveCfg = Release|Any CPU
		{8C9D86D4-4C7C-4FDE-B61C-752789353FE1}.Release|Any CPU.Build.0 = Release|Any CPU
	EndGlobalSection
	GlobalSection(SolutionProperties) = preSolution
		HideSolutionNode = FALSE
	EndGlobalSection
	GlobalSection(ExtensibilityGlobals) = postSolution
		SolutionGuid = {7A402640-7DF3-400E-BD41-62E739332CB7}
	EndGlobalSection
EndGlobal
